// !$*UTF8*$!
{
	archiveVersion = 1;
	classes = {
	};
	objectVersion = 46;
	objects = {

/* Begin PBXBuildFile section */
		2D3228BBF2959895B79C4F73 /* Pods_AgendaTests.framework in Frameworks */ = {isa = PBXBuildFile; fileRef = 8674E16E2367626E2C45DB04 /* Pods_AgendaTests.framework */; };
		8976DA098DFE5DAF2DB48BD5 /* Pods_Agenda.framework in Frameworks */ = {isa = PBXBuildFile; fileRef = 970BD717FD2005622FC1DB8E /* Pods_Agenda.framework */; };
		8B0DFBF81F6F0E6000D56DB1 /* ClockView.swift in Sources */ = {isa = PBXBuildFile; fileRef = 8B0DFBF71F6F0E6000D56DB1 /* ClockView.swift */; };
		8B0DFBFA1F6F12B800D56DB1 /* Extensions.swift in Sources */ = {isa = PBXBuildFile; fileRef = 8B0DFBF91F6F12B800D56DB1 /* Extensions.swift */; };
		8B4EF9451F69833500C87E76 /* Agenda.swift in Sources */ = {isa = PBXBuildFile; fileRef = 8B4EF9441F69833500C87E76 /* Agenda.swift */; };
		8BEA229D1F68AEA600A319EF /* AppDelegate.swift in Sources */ = {isa = PBXBuildFile; fileRef = 8BEA229C1F68AEA600A319EF /* AppDelegate.swift */; };
		8BEA229F1F68AEA600A319EF /* ViewController.swift in Sources */ = {isa = PBXBuildFile; fileRef = 8BEA229E1F68AEA600A319EF /* ViewController.swift */; };
		8BEA22A21F68AEA600A319EF /* Main.storyboard in Resources */ = {isa = PBXBuildFile; fileRef = 8BEA22A01F68AEA600A319EF /* Main.storyboard */; };
		8BEA22A41F68AEA600A319EF /* Assets.xcassets in Resources */ = {isa = PBXBuildFile; fileRef = 8BEA22A31F68AEA600A319EF /* Assets.xcassets */; };
		8BEA22A71F68AEA600A319EF /* LaunchScreen.storyboard in Resources */ = {isa = PBXBuildFile; fileRef = 8BEA22A51F68AEA600A319EF /* LaunchScreen.storyboard */; };
		8BEA22B21F68AEA600A319EF /* AgendaTests.swift in Sources */ = {isa = PBXBuildFile; fileRef = 8BEA22B11F68AEA600A319EF /* AgendaTests.swift */; };
		8BEA22BD1F68AEA600A319EF /* AgendaUITests.swift in Sources */ = {isa = PBXBuildFile; fileRef = 8BEA22BC1F68AEA600A319EF /* AgendaUITests.swift */; };
		CEE4F4D3F5D78B023F62F2A8 /* Pods_AgendaUITests.framework in Frameworks */ = {isa = PBXBuildFile; fileRef = 4CEB8267BF1D043A6771D591 /* Pods_AgendaUITests.framework */; };
/* End PBXBuildFile section */

/* Begin PBXContainerItemProxy section */
		8BEA22AE1F68AEA600A319EF /* PBXContainerItemProxy */ = {
			isa = PBXContainerItemProxy;
			containerPortal = 8BEA22911F68AEA600A319EF /* Project object */;
			proxyType = 1;
			remoteGlobalIDString = 8BEA22981F68AEA600A319EF;
			remoteInfo = Agenda;
		};
		8BEA22B91F68AEA600A319EF /* PBXContainerItemProxy */ = {
			isa = PBXContainerItemProxy;
			containerPortal = 8BEA22911F68AEA600A319EF /* Project object */;
			proxyType = 1;
			remoteGlobalIDString = 8BEA22981F68AEA600A319EF;
			remoteInfo = Agenda;
		};
/* End PBXContainerItemProxy section */

/* Begin PBXFileReference section */
		478574D2DD5C3DF071A0430C /* Pods-AgendaUITests.debug.xcconfig */ = {isa = PBXFileReference; includeInIndex = 1; lastKnownFileType = text.xcconfig; name = "Pods-AgendaUITests.debug.xcconfig"; path = "Pods/Target Support Files/Pods-AgendaUITests/Pods-AgendaUITests.debug.xcconfig"; sourceTree = "<group>"; };
		4CEB8267BF1D043A6771D591 /* Pods_AgendaUITests.framework */ = {isa = PBXFileReference; explicitFileType = wrapper.framework; includeInIndex = 0; path = Pods_AgendaUITests.framework; sourceTree = BUILT_PRODUCTS_DIR; };
		8674E16E2367626E2C45DB04 /* Pods_AgendaTests.framework */ = {isa = PBXFileReference; explicitFileType = wrapper.framework; includeInIndex = 0; path = Pods_AgendaTests.framework; sourceTree = BUILT_PRODUCTS_DIR; };
		8B0DFBF71F6F0E6000D56DB1 /* ClockView.swift */ = {isa = PBXFileReference; lastKnownFileType = sourcecode.swift; path = ClockView.swift; sourceTree = "<group>"; };
		8B0DFBF91F6F12B800D56DB1 /* Extensions.swift */ = {isa = PBXFileReference; lastKnownFileType = sourcecode.swift; path = Extensions.swift; sourceTree = "<group>"; };
		8B4EF9441F69833500C87E76 /* Agenda.swift */ = {isa = PBXFileReference; lastKnownFileType = sourcecode.swift; path = Agenda.swift; sourceTree = "<group>"; };
		8BEA22991F68AEA600A319EF /* Agenda.app */ = {isa = PBXFileReference; explicitFileType = wrapper.application; includeInIndex = 0; path = Agenda.app; sourceTree = BUILT_PRODUCTS_DIR; };
		8BEA229C1F68AEA600A319EF /* AppDelegate.swift */ = {isa = PBXFileReference; lastKnownFileType = sourcecode.swift; path = AppDelegate.swift; sourceTree = "<group>"; };
		8BEA229E1F68AEA600A319EF /* ViewController.swift */ = {isa = PBXFileReference; lastKnownFileType = sourcecode.swift; path = ViewController.swift; sourceTree = "<group>"; };
		8BEA22A11F68AEA600A319EF /* Base */ = {isa = PBXFileReference; lastKnownFileType = file.storyboard; name = Base; path = Base.lproj/Main.storyboard; sourceTree = "<group>"; };
		8BEA22A31F68AEA600A319EF /* Assets.xcassets */ = {isa = PBXFileReference; lastKnownFileType = folder.assetcatalog; path = Assets.xcassets; sourceTree = "<group>"; };
		8BEA22A61F68AEA600A319EF /* Base */ = {isa = PBXFileReference; lastKnownFileType = file.storyboard; name = Base; path = Base.lproj/LaunchScreen.storyboard; sourceTree = "<group>"; };
		8BEA22A81F68AEA600A319EF /* Info.plist */ = {isa = PBXFileReference; lastKnownFileType = text.plist.xml; path = Info.plist; sourceTree = "<group>"; };
		8BEA22AD1F68AEA600A319EF /* AgendaTests.xctest */ = {isa = PBXFileReference; explicitFileType = wrapper.cfbundle; includeInIndex = 0; path = AgendaTests.xctest; sourceTree = BUILT_PRODUCTS_DIR; };
		8BEA22B11F68AEA600A319EF /* AgendaTests.swift */ = {isa = PBXFileReference; lastKnownFileType = sourcecode.swift; path = AgendaTests.swift; sourceTree = "<group>"; };
		8BEA22B31F68AEA600A319EF /* Info.plist */ = {isa = PBXFileReference; lastKnownFileType = text.plist.xml; path = Info.plist; sourceTree = "<group>"; };
		8BEA22B81F68AEA600A319EF /* AgendaUITests.xctest */ = {isa = PBXFileReference; explicitFileType = wrapper.cfbundle; includeInIndex = 0; path = AgendaUITests.xctest; sourceTree = BUILT_PRODUCTS_DIR; };
		8BEA22BC1F68AEA600A319EF /* AgendaUITests.swift */ = {isa = PBXFileReference; lastKnownFileType = sourcecode.swift; path = AgendaUITests.swift; sourceTree = "<group>"; };
		8BEA22BE1F68AEA600A319EF /* Info.plist */ = {isa = PBXFileReference; lastKnownFileType = text.plist.xml; path = Info.plist; sourceTree = "<group>"; };
		970BD717FD2005622FC1DB8E /* Pods_Agenda.framework */ = {isa = PBXFileReference; explicitFileType = wrapper.framework; includeInIndex = 0; path = Pods_Agenda.framework; sourceTree = BUILT_PRODUCTS_DIR; };
		9F836EF1757D26CBB540398F /* Pods-AgendaTests.release.xcconfig */ = {isa = PBXFileReference; includeInIndex = 1; lastKnownFileType = text.xcconfig; name = "Pods-AgendaTests.release.xcconfig"; path = "Pods/Target Support Files/Pods-AgendaTests/Pods-AgendaTests.release.xcconfig"; sourceTree = "<group>"; };
		BC35F1E9E40874B426794CE7 /* Pods-Agenda.release.xcconfig */ = {isa = PBXFileReference; includeInIndex = 1; lastKnownFileType = text.xcconfig; name = "Pods-Agenda.release.xcconfig"; path = "Pods/Target Support Files/Pods-Agenda/Pods-Agenda.release.xcconfig"; sourceTree = "<group>"; };
		C92C4FEC523158B13358FB04 /* Pods-AgendaUITests.release.xcconfig */ = {isa = PBXFileReference; includeInIndex = 1; lastKnownFileType = text.xcconfig; name = "Pods-AgendaUITests.release.xcconfig"; path = "Pods/Target Support Files/Pods-AgendaUITests/Pods-AgendaUITests.release.xcconfig"; sourceTree = "<group>"; };
		DC0BF3F001727D885B926DC8 /* Pods-Agenda.debug.xcconfig */ = {isa = PBXFileReference; includeInIndex = 1; lastKnownFileType = text.xcconfig; name = "Pods-Agenda.debug.xcconfig"; path = "Pods/Target Support Files/Pods-Agenda/Pods-Agenda.debug.xcconfig"; sourceTree = "<group>"; };
		DFF4BE346B121FE0E5D5A4EF /* Pods-AgendaTests.debug.xcconfig */ = {isa = PBXFileReference; includeInIndex = 1; lastKnownFileType = text.xcconfig; name = "Pods-AgendaTests.debug.xcconfig"; path = "Pods/Target Support Files/Pods-AgendaTests/Pods-AgendaTests.debug.xcconfig"; sourceTree = "<group>"; };
/* End PBXFileReference section */

/* Begin PBXFrameworksBuildPhase section */
		8BEA22961F68AEA600A319EF /* Frameworks */ = {
			isa = PBXFrameworksBuildPhase;
			buildActionMask = 2147483647;
			files = (
				8976DA098DFE5DAF2DB48BD5 /* Pods_Agenda.framework in Frameworks */,
			);
			runOnlyForDeploymentPostprocessing = 0;
		};
		8BEA22AA1F68AEA600A319EF /* Frameworks */ = {
			isa = PBXFrameworksBuildPhase;
			buildActionMask = 2147483647;
			files = (
				2D3228BBF2959895B79C4F73 /* Pods_AgendaTests.framework in Frameworks */,
			);
			runOnlyForDeploymentPostprocessing = 0;
		};
		8BEA22B51F68AEA600A319EF /* Frameworks */ = {
			isa = PBXFrameworksBuildPhase;
			buildActionMask = 2147483647;
			files = (
				CEE4F4D3F5D78B023F62F2A8 /* Pods_AgendaUITests.framework in Frameworks */,
			);
			runOnlyForDeploymentPostprocessing = 0;
		};
/* End PBXFrameworksBuildPhase section */

/* Begin PBXGroup section */
		102FE4EF55E27662B17C7BD1 /* Pods */ = {
			isa = PBXGroup;
			children = (
				DC0BF3F001727D885B926DC8 /* Pods-Agenda.debug.xcconfig */,
				BC35F1E9E40874B426794CE7 /* Pods-Agenda.release.xcconfig */,
				DFF4BE346B121FE0E5D5A4EF /* Pods-AgendaTests.debug.xcconfig */,
				9F836EF1757D26CBB540398F /* Pods-AgendaTests.release.xcconfig */,
				478574D2DD5C3DF071A0430C /* Pods-AgendaUITests.debug.xcconfig */,
				C92C4FEC523158B13358FB04 /* Pods-AgendaUITests.release.xcconfig */,
			);
			name = Pods;
			sourceTree = "<group>";
		};
		19568E70124426BA563DA050 /* Frameworks */ = {
			isa = PBXGroup;
			children = (
				970BD717FD2005622FC1DB8E /* Pods_Agenda.framework */,
				8674E16E2367626E2C45DB04 /* Pods_AgendaTests.framework */,
				4CEB8267BF1D043A6771D591 /* Pods_AgendaUITests.framework */,
			);
			name = Frameworks;
			sourceTree = "<group>";
		};
		8BEA22901F68AEA600A319EF = {
			isa = PBXGroup;
			children = (
				8BEA229B1F68AEA600A319EF /* Agenda */,
				8BEA22B01F68AEA600A319EF /* AgendaTests */,
				8BEA22BB1F68AEA600A319EF /* AgendaUITests */,
				8BEA229A1F68AEA600A319EF /* Products */,
				102FE4EF55E27662B17C7BD1 /* Pods */,
				19568E70124426BA563DA050 /* Frameworks */,
			);
			sourceTree = "<group>";
		};
		8BEA229A1F68AEA600A319EF /* Products */ = {
			isa = PBXGroup;
			children = (
				8BEA22991F68AEA600A319EF /* Agenda.app */,
				8BEA22AD1F68AEA600A319EF /* AgendaTests.xctest */,
				8BEA22B81F68AEA600A319EF /* AgendaUITests.xctest */,
			);
			name = Products;
			sourceTree = "<group>";
		};
		8BEA229B1F68AEA600A319EF /* Agenda */ = {
			isa = PBXGroup;
			children = (
				8BEA229C1F68AEA600A319EF /* AppDelegate.swift */,
				8BEA229E1F68AEA600A319EF /* ViewController.swift */,
				8B4EF9441F69833500C87E76 /* Agenda.swift */,
				8B0DFBF91F6F12B800D56DB1 /* Extensions.swift */,
				8B0DFBF71F6F0E6000D56DB1 /* ClockView.swift */,
				8BEA22A01F68AEA600A319EF /* Main.storyboard */,
				8BEA22A31F68AEA600A319EF /* Assets.xcassets */,
				8BEA22A51F68AEA600A319EF /* LaunchScreen.storyboard */,
				8BEA22A81F68AEA600A319EF /* Info.plist */,
			);
			path = Agenda;
			sourceTree = "<group>";
		};
		8BEA22B01F68AEA600A319EF /* AgendaTests */ = {
			isa = PBXGroup;
			children = (
				8BEA22B11F68AEA600A319EF /* AgendaTests.swift */,
				8BEA22B31F68AEA600A319EF /* Info.plist */,
			);
			path = AgendaTests;
			sourceTree = "<group>";
		};
		8BEA22BB1F68AEA600A319EF /* AgendaUITests */ = {
			isa = PBXGroup;
			children = (
				8BEA22BC1F68AEA600A319EF /* AgendaUITests.swift */,
				8BEA22BE1F68AEA600A319EF /* Info.plist */,
			);
			path = AgendaUITests;
			sourceTree = "<group>";
		};
/* End PBXGroup section */

/* Begin PBXNativeTarget section */
		8BEA22981F68AEA600A319EF /* Agenda */ = {
			isa = PBXNativeTarget;
			buildConfigurationList = 8BEA22C11F68AEA600A319EF /* Build configuration list for PBXNativeTarget "Agenda" */;
			buildPhases = (
				7B6C189D06EEA2746E35EEDA /* [CP] Check Pods Manifest.lock */,
				8BEA22951F68AEA600A319EF /* Sources */,
				8BEA22961F68AEA600A319EF /* Frameworks */,
				8BEA22971F68AEA600A319EF /* Resources */,
				2210206F23498BA93290F59C /* [CP] Embed Pods Frameworks */,
				595AAF2EC53D84679CCEE06A /* [CP] Copy Pods Resources */,
			);
			buildRules = (
			);
			dependencies = (
			);
			name = Agenda;
			productName = Agenda;
			productReference = 8BEA22991F68AEA600A319EF /* Agenda.app */;
			productType = "com.apple.product-type.application";
		};
		8BEA22AC1F68AEA600A319EF /* AgendaTests */ = {
			isa = PBXNativeTarget;
			buildConfigurationList = 8BEA22C41F68AEA600A319EF /* Build configuration list for PBXNativeTarget "AgendaTests" */;
			buildPhases = (
				39CC32D605C99874D325B4CB /* [CP] Check Pods Manifest.lock */,
				8BEA22A91F68AEA600A319EF /* Sources */,
				8BEA22AA1F68AEA600A319EF /* Frameworks */,
				8BEA22AB1F68AEA600A319EF /* Resources */,
				55667EEE1D19F8D85CF7BB25 /* [CP] Embed Pods Frameworks */,
				1A98016EAF57AF4C23EE2DA2 /* [CP] Copy Pods Resources */,
			);
			buildRules = (
			);
			dependencies = (
				8BEA22AF1F68AEA600A319EF /* PBXTargetDependency */,
			);
			name = AgendaTests;
			productName = AgendaTests;
			productReference = 8BEA22AD1F68AEA600A319EF /* AgendaTests.xctest */;
			productType = "com.apple.product-type.bundle.unit-test";
		};
		8BEA22B71F68AEA600A319EF /* AgendaUITests */ = {
			isa = PBXNativeTarget;
			buildConfigurationList = 8BEA22C71F68AEA600A319EF /* Build configuration list for PBXNativeTarget "AgendaUITests" */;
			buildPhases = (
				6220A233967AA68DB6DC50A5 /* [CP] Check Pods Manifest.lock */,
				8BEA22B41F68AEA600A319EF /* Sources */,
				8BEA22B51F68AEA600A319EF /* Frameworks */,
				8BEA22B61F68AEA600A319EF /* Resources */,
				2F4417409E1A5FDC57247E13 /* [CP] Embed Pods Frameworks */,
				5F67B55A0DE4C66743E073C7 /* [CP] Copy Pods Resources */,
			);
			buildRules = (
			);
			dependencies = (
				8BEA22BA1F68AEA600A319EF /* PBXTargetDependency */,
			);
			name = AgendaUITests;
			productName = AgendaUITests;
			productReference = 8BEA22B81F68AEA600A319EF /* AgendaUITests.xctest */;
			productType = "com.apple.product-type.bundle.ui-testing";
		};
/* End PBXNativeTarget section */

/* Begin PBXProject section */
		8BEA22911F68AEA600A319EF /* Project object */ = {
			isa = PBXProject;
			attributes = {
				LastSwiftUpdateCheck = 0830;
				LastUpgradeCheck = 0830;
				ORGANIZATIONNAME = JwitApps;
				TargetAttributes = {
					8BEA22981F68AEA600A319EF = {
						CreatedOnToolsVersion = 8.3.3;
						DevelopmentTeam = 349WFX4WJR;
						LastSwiftMigration = 0900;
						ProvisioningStyle = Automatic;
					};
					8BEA22AC1F68AEA600A319EF = {
						CreatedOnToolsVersion = 8.3.3;
						DevelopmentTeam = 349WFX4WJR;
						LastSwiftMigration = 0900;
						ProvisioningStyle = Automatic;
						TestTargetID = 8BEA22981F68AEA600A319EF;
					};
					8BEA22B71F68AEA600A319EF = {
						CreatedOnToolsVersion = 8.3.3;
						DevelopmentTeam = 349WFX4WJR;
						LastSwiftMigration = 0900;
						ProvisioningStyle = Automatic;
						TestTargetID = 8BEA22981F68AEA600A319EF;
					};
				};
			};
			buildConfigurationList = 8BEA22941F68AEA600A319EF /* Build configuration list for PBXProject "Agenda" */;
			compatibilityVersion = "Xcode 3.2";
			developmentRegion = English;
			hasScannedForEncodings = 0;
			knownRegions = (
				en,
				Base,
			);
			mainGroup = 8BEA22901F68AEA600A319EF;
			productRefGroup = 8BEA229A1F68AEA600A319EF /* Products */;
			projectDirPath = "";
			projectRoot = "";
			targets = (
				8BEA22981F68AEA600A319EF /* Agenda */,
				8BEA22AC1F68AEA600A319EF /* AgendaTests */,
				8BEA22B71F68AEA600A319EF /* AgendaUITests */,
			);
		};
/* End PBXProject section */

/* Begin PBXResourcesBuildPhase section */
		8BEA22971F68AEA600A319EF /* Resources */ = {
			isa = PBXResourcesBuildPhase;
			buildActionMask = 2147483647;
			files = (
				8BEA22A71F68AEA600A319EF /* LaunchScreen.storyboard in Resources */,
				8BEA22A41F68AEA600A319EF /* Assets.xcassets in Resources */,
				8BEA22A21F68AEA600A319EF /* Main.storyboard in Resources */,
			);
			runOnlyForDeploymentPostprocessing = 0;
		};
		8BEA22AB1F68AEA600A319EF /* Resources */ = {
			isa = PBXResourcesBuildPhase;
			buildActionMask = 2147483647;
			files = (
			);
			runOnlyForDeploymentPostprocessing = 0;
		};
		8BEA22B61F68AEA600A319EF /* Resources */ = {
			isa = PBXResourcesBuildPhase;
			buildActionMask = 2147483647;
			files = (
			);
			runOnlyForDeploymentPostprocessing = 0;
		};
/* End PBXResourcesBuildPhase section */

/* Begin PBXShellScriptBuildPhase section */
		1A98016EAF57AF4C23EE2DA2 /* [CP] Copy Pods Resources */ = {
			isa = PBXShellScriptBuildPhase;
			buildActionMask = 2147483647;
			files = (
			);
			inputPaths = (
			);
			name = "[CP] Copy Pods Resources";
			outputPaths = (
			);
			runOnlyForDeploymentPostprocessing = 0;
			shellPath = /bin/sh;
			shellScript = "\"${SRCROOT}/Pods/Target Support Files/Pods-AgendaTests/Pods-AgendaTests-resources.sh\"\n";
			showEnvVarsInLog = 0;
		};
		2210206F23498BA93290F59C /* [CP] Embed Pods Frameworks */ = {
			isa = PBXShellScriptBuildPhase;
			buildActionMask = 2147483647;
			files = (
			);
			inputPaths = (
			);
			name = "[CP] Embed Pods Frameworks";
			outputPaths = (
			);
			runOnlyForDeploymentPostprocessing = 0;
			shellPath = /bin/sh;
			shellScript = "\"${SRCROOT}/Pods/Target Support Files/Pods-Agenda/Pods-Agenda-frameworks.sh\"\n";
			showEnvVarsInLog = 0;
		};
		2F4417409E1A5FDC57247E13 /* [CP] Embed Pods Frameworks */ = {
			isa = PBXShellScriptBuildPhase;
			buildActionMask = 2147483647;
			files = (
			);
			inputPaths = (
			);
			name = "[CP] Embed Pods Frameworks";
			outputPaths = (
			);
			runOnlyForDeploymentPostprocessing = 0;
			shellPath = /bin/sh;
			shellScript = "\"${SRCROOT}/Pods/Target Support Files/Pods-AgendaUITests/Pods-AgendaUITests-frameworks.sh\"\n";
			showEnvVarsInLog = 0;
		};
		39CC32D605C99874D325B4CB /* [CP] Check Pods Manifest.lock */ = {
			isa = PBXShellScriptBuildPhase;
			buildActionMask = 2147483647;
			files = (
			);
			inputPaths = (
			);
			name = "[CP] Check Pods Manifest.lock";
			outputPaths = (
			);
			runOnlyForDeploymentPostprocessing = 0;
			shellPath = /bin/sh;
			shellScript = "diff \"${PODS_PODFILE_DIR_PATH}/Podfile.lock\" \"${PODS_ROOT}/Manifest.lock\" > /dev/null\nif [ $? != 0 ] ; then\n    # print error to STDERR\n    echo \"error: The sandbox is not in sync with the Podfile.lock. Run 'pod install' or update your CocoaPods installation.\" >&2\n    exit 1\nfi\n";
			showEnvVarsInLog = 0;
		};
		55667EEE1D19F8D85CF7BB25 /* [CP] Embed Pods Frameworks */ = {
			isa = PBXShellScriptBuildPhase;
			buildActionMask = 2147483647;
			files = (
			);
			inputPaths = (
			);
			name = "[CP] Embed Pods Frameworks";
			outputPaths = (
			);
			runOnlyForDeploymentPostprocessing = 0;
			shellPath = /bin/sh;
			shellScript = "\"${SRCROOT}/Pods/Target Support Files/Pods-AgendaTests/Pods-AgendaTests-frameworks.sh\"\n";
			showEnvVarsInLog = 0;
		};
		595AAF2EC53D84679CCEE06A /* [CP] Copy Pods Resources */ = {
			isa = PBXShellScriptBuildPhase;
			buildActionMask = 2147483647;
			files = (
			);
			inputPaths = (
			);
			name = "[CP] Copy Pods Resources";
			outputPaths = (
			);
			runOnlyForDeploymentPostprocessing = 0;
			shellPath = /bin/sh;
			shellScript = "\"${SRCROOT}/Pods/Target Support Files/Pods-Agenda/Pods-Agenda-resources.sh\"\n";
			showEnvVarsInLog = 0;
		};
		5F67B55A0DE4C66743E073C7 /* [CP] Copy Pods Resources */ = {
			isa = PBXShellScriptBuildPhase;
			buildActionMask = 2147483647;
			files = (
			);
			inputPaths = (
			);
			name = "[CP] Copy Pods Resources";
			outputPaths = (
			);
			runOnlyForDeploymentPostprocessing = 0;
			shellPath = /bin/sh;
			shellScript = "\"${SRCROOT}/Pods/Target Support Files/Pods-AgendaUITests/Pods-AgendaUITests-resources.sh\"\n";
			showEnvVarsInLog = 0;
		};
		6220A233967AA68DB6DC50A5 /* [CP] Check Pods Manifest.lock */ = {
			isa = PBXShellScriptBuildPhase;
			buildActionMask = 2147483647;
			files = (
			);
			inputPaths = (
			);
			name = "[CP] Check Pods Manifest.lock";
			outputPaths = (
			);
			runOnlyForDeploymentPostprocessing = 0;
			shellPath = /bin/sh;
			shellScript = "diff \"${PODS_PODFILE_DIR_PATH}/Podfile.lock\" \"${PODS_ROOT}/Manifest.lock\" > /dev/null\nif [ $? != 0 ] ; then\n    # print error to STDERR\n    echo \"error: The sandbox is not in sync with the Podfile.lock. Run 'pod install' or update your CocoaPods installation.\" >&2\n    exit 1\nfi\n";
			showEnvVarsInLog = 0;
		};
		7B6C189D06EEA2746E35EEDA /* [CP] Check Pods Manifest.lock */ = {
			isa = PBXShellScriptBuildPhase;
			buildActionMask = 2147483647;
			files = (
			);
			inputPaths = (
			);
			name = "[CP] Check Pods Manifest.lock";
			outputPaths = (
			);
			runOnlyForDeploymentPostprocessing = 0;
			shellPath = /bin/sh;
			shellScript = "diff \"${PODS_PODFILE_DIR_PATH}/Podfile.lock\" \"${PODS_ROOT}/Manifest.lock\" > /dev/null\nif [ $? != 0 ] ; then\n    # print error to STDERR\n    echo \"error: The sandbox is not in sync with the Podfile.lock. Run 'pod install' or update your CocoaPods installation.\" >&2\n    exit 1\nfi\n";
			showEnvVarsInLog = 0;
		};
/* End PBXShellScriptBuildPhase section */

/* Begin PBXSourcesBuildPhase section */
		8BEA22951F68AEA600A319EF /* Sources */ = {
			isa = PBXSourcesBuildPhase;
			buildActionMask = 2147483647;
			files = (
				8B0DFBFA1F6F12B800D56DB1 /* Extensions.swift in Sources */,
				8BEA229F1F68AEA600A319EF /* ViewController.swift in Sources */,
				8B0DFBF81F6F0E6000D56DB1 /* ClockView.swift in Sources */,
				8B4EF9451F69833500C87E76 /* Agenda.swift in Sources */,
				8BEA229D1F68AEA600A319EF /* AppDelegate.swift in Sources */,
			);
			runOnlyForDeploymentPostprocessing = 0;
		};
		8BEA22A91F68AEA600A319EF /* Sources */ = {
			isa = PBXSourcesBuildPhase;
			buildActionMask = 2147483647;
			files = (
				8BEA22B21F68AEA600A319EF /* AgendaTests.swift in Sources */,
			);
			runOnlyForDeploymentPostprocessing = 0;
		};
		8BEA22B41F68AEA600A319EF /* Sources */ = {
			isa = PBXSourcesBuildPhase;
			buildActionMask = 2147483647;
			files = (
				8BEA22BD1F68AEA600A319EF /* AgendaUITests.swift in Sources */,
			);
			runOnlyForDeploymentPostprocessing = 0;
		};
/* End PBXSourcesBuildPhase section */

/* Begin PBXTargetDependency section */
		8BEA22AF1F68AEA600A319EF /* PBXTargetDependency */ = {
			isa = PBXTargetDependency;
			target = 8BEA22981F68AEA600A319EF /* Agenda */;
			targetProxy = 8BEA22AE1F68AEA600A319EF /* PBXContainerItemProxy */;
		};
		8BEA22BA1F68AEA600A319EF /* PBXTargetDependency */ = {
			isa = PBXTargetDependency;
			target = 8BEA22981F68AEA600A319EF /* Agenda */;
			targetProxy = 8BEA22B91F68AEA600A319EF /* PBXContainerItemProxy */;
		};
/* End PBXTargetDependency section */

/* Begin PBXVariantGroup section */
		8BEA22A01F68AEA600A319EF /* Main.storyboard */ = {
			isa = PBXVariantGroup;
			children = (
				8BEA22A11F68AEA600A319EF /* Base */,
			);
			name = Main.storyboard;
			sourceTree = "<group>";
		};
		8BEA22A51F68AEA600A319EF /* LaunchScreen.storyboard */ = {
			isa = PBXVariantGroup;
			children = (
				8BEA22A61F68AEA600A319EF /* Base */,
			);
			name = LaunchScreen.storyboard;
			sourceTree = "<group>";
		};
/* End PBXVariantGroup section */

/* Begin XCBuildConfiguration section */
		8BEA22BF1F68AEA600A319EF /* Debug */ = {
			isa = XCBuildConfiguration;
			buildSettings = {
				ALWAYS_SEARCH_USER_PATHS = NO;
				CLANG_ANALYZER_NONNULL = YES;
				CLANG_ANALYZER_NUMBER_OBJECT_CONVERSION = YES_AGGRESSIVE;
				CLANG_CXX_LANGUAGE_STANDARD = "gnu++0x";
				CLANG_CXX_LIBRARY = "libc++";
				CLANG_ENABLE_MODULES = YES;
				CLANG_ENABLE_OBJC_ARC = YES;
				CLANG_WARN_BOOL_CONVERSION = YES;
				CLANG_WARN_CONSTANT_CONVERSION = YES;
				CLANG_WARN_DIRECT_OBJC_ISA_USAGE = YES_ERROR;
				CLANG_WARN_DOCUMENTATION_COMMENTS = YES;
				CLANG_WARN_EMPTY_BODY = YES;
				CLANG_WARN_ENUM_CONVERSION = YES;
				CLANG_WARN_INFINITE_RECURSION = YES;
				CLANG_WARN_INT_CONVERSION = YES;
				CLANG_WARN_OBJC_ROOT_CLASS = YES_ERROR;
				CLANG_WARN_SUSPICIOUS_MOVE = YES;
				CLANG_WARN_UNREACHABLE_CODE = YES;
				CLANG_WARN__DUPLICATE_METHOD_MATCH = YES;
				"CODE_SIGN_IDENTITY[sdk=iphoneos*]" = "iPhone Developer";
				COPY_PHASE_STRIP = NO;
				DEBUG_INFORMATION_FORMAT = dwarf;
				ENABLE_STRICT_OBJC_MSGSEND = YES;
				ENABLE_TESTABILITY = YES;
				GCC_C_LANGUAGE_STANDARD = gnu99;
				GCC_DYNAMIC_NO_PIC = NO;
				GCC_NO_COMMON_BLOCKS = YES;
				GCC_OPTIMIZATION_LEVEL = 0;
				GCC_PREPROCESSOR_DEFINITIONS = (
					"DEBUG=1",
					"$(inherited)",
				);
				GCC_WARN_64_TO_32_BIT_CONVERSION = YES;
				GCC_WARN_ABOUT_RETURN_TYPE = YES_ERROR;
				GCC_WARN_UNDECLARED_SELECTOR = YES;
				GCC_WARN_UNINITIALIZED_AUTOS = YES_AGGRESSIVE;
				GCC_WARN_UNUSED_FUNCTION = YES;
				GCC_WARN_UNUSED_VARIABLE = YES;
				IPHONEOS_DEPLOYMENT_TARGET = 10.3;
				MTL_ENABLE_DEBUG_INFO = YES;
				ONLY_ACTIVE_ARCH = YES;
				SDKROOT = iphoneos;
				SWIFT_ACTIVE_COMPILATION_CONDITIONS = DEBUG;
				SWIFT_OPTIMIZATION_LEVEL = "-Onone";
				TARGETED_DEVICE_FAMILY = "1,2";
			};
			name = Debug;
		};
		8BEA22C01F68AEA600A319EF /* Release */ = {
			isa = XCBuildConfiguration;
			buildSettings = {
				ALWAYS_SEARCH_USER_PATHS = NO;
				CLANG_ANALYZER_NONNULL = YES;
				CLANG_ANALYZER_NUMBER_OBJECT_CONVERSION = YES_AGGRESSIVE;
				CLANG_CXX_LANGUAGE_STANDARD = "gnu++0x";
				CLANG_CXX_LIBRARY = "libc++";
				CLANG_ENABLE_MODULES = YES;
				CLANG_ENABLE_OBJC_ARC = YES;
				CLANG_WARN_BOOL_CONVERSION = YES;
				CLANG_WARN_CONSTANT_CONVERSION = YES;
				CLANG_WARN_DIRECT_OBJC_ISA_USAGE = YES_ERROR;
				CLANG_WARN_DOCUMENTATION_COMMENTS = YES;
				CLANG_WARN_EMPTY_BODY = YES;
				CLANG_WARN_ENUM_CONVERSION = YES;
				CLANG_WARN_INFINITE_RECURSION = YES;
				CLANG_WARN_INT_CONVERSION = YES;
				CLANG_WARN_OBJC_ROOT_CLASS = YES_ERROR;
				CLANG_WARN_SUSPICIOUS_MOVE = YES;
				CLANG_WARN_UNREACHABLE_CODE = YES;
				CLANG_WARN__DUPLICATE_METHOD_MATCH = YES;
				"CODE_SIGN_IDENTITY[sdk=iphoneos*]" = "iPhone Developer";
				COPY_PHASE_STRIP = NO;
				DEBUG_INFORMATION_FORMAT = "dwarf-with-dsym";
				ENABLE_NS_ASSERTIONS = NO;
				ENABLE_STRICT_OBJC_MSGSEND = YES;
				GCC_C_LANGUAGE_STANDARD = gnu99;
				GCC_NO_COMMON_BLOCKS = YES;
				GCC_WARN_64_TO_32_BIT_CONVERSION = YES;
				GCC_WARN_ABOUT_RETURN_TYPE = YES_ERROR;
				GCC_WARN_UNDECLARED_SELECTOR = YES;
				GCC_WARN_UNINITIALIZED_AUTOS = YES_AGGRESSIVE;
				GCC_WARN_UNUSED_FUNCTION = YES;
				GCC_WARN_UNUSED_VARIABLE = YES;
				IPHONEOS_DEPLOYMENT_TARGET = 10.3;
				MTL_ENABLE_DEBUG_INFO = NO;
				SDKROOT = iphoneos;
				SWIFT_OPTIMIZATION_LEVEL = "-Owholemodule";
				TARGETED_DEVICE_FAMILY = "1,2";
				VALIDATE_PRODUCT = YES;
			};
			name = Release;
		};
		8BEA22C21F68AEA600A319EF /* Debug */ = {
			isa = XCBuildConfiguration;
			baseConfigurationReference = DC0BF3F001727D885B926DC8 /* Pods-Agenda.debug.xcconfig */;
			buildSettings = {
				ASSETCATALOG_COMPILER_APPICON_NAME = AppIcon;
				DEVELOPMENT_TEAM = 349WFX4WJR;
				INFOPLIST_FILE = Agenda/Info.plist;
				LD_RUNPATH_SEARCH_PATHS = "$(inherited) @executable_path/Frameworks";
				PRODUCT_BUNDLE_IDENTIFIER = com.jwitapps.Agenda;
				PRODUCT_NAME = "$(TARGET_NAME)";
				SWIFT_SWIFT3_OBJC_INFERENCE = On;
				SWIFT_VERSION = 4.0;
			};
			name = Debug;
		};
		8BEA22C31F68AEA600A319EF /* Release */ = {
			isa = XCBuildConfiguration;
			baseConfigurationReference = BC35F1E9E40874B426794CE7 /* Pods-Agenda.release.xcconfig */;
			buildSettings = {
				ASSETCATALOG_COMPILER_APPICON_NAME = AppIcon;
				DEVELOPMENT_TEAM = 349WFX4WJR;
				INFOPLIST_FILE = Agenda/Info.plist;
				LD_RUNPATH_SEARCH_PATHS = "$(inherited) @executable_path/Frameworks";
				PRODUCT_BUNDLE_IDENTIFIER = com.jwitapps.Agenda;
				PRODUCT_NAME = "$(TARGET_NAME)";
				SWIFT_SWIFT3_OBJC_INFERENCE = On;
				SWIFT_VERSION = 4.0;
			};
			name = Release;
		};
		8BEA22C51F68AEA600A319EF /* Debug */ = {
			isa = XCBuildConfiguration;
			baseConfigurationReference = DFF4BE346B121FE0E5D5A4EF /* Pods-AgendaTests.debug.xcconfig */;
			buildSettings = {
				ALWAYS_EMBED_SWIFT_STANDARD_LIBRARIES = YES;
				BUNDLE_LOADER = "$(TEST_HOST)";
				DEVELOPMENT_TEAM = 349WFX4WJR;
				INFOPLIST_FILE = AgendaTests/Info.plist;
				LD_RUNPATH_SEARCH_PATHS = "$(inherited) @executable_path/Frameworks @loader_path/Frameworks";
				PRODUCT_BUNDLE_IDENTIFIER = com.jwitapps.AgendaTests;
				PRODUCT_NAME = "$(TARGET_NAME)";
				SWIFT_SWIFT3_OBJC_INFERENCE = On;
				SWIFT_VERSION = 4.0;
				TEST_HOST = "$(BUILT_PRODUCTS_DIR)/Agenda.app/Agenda";
			};
			name = Debug;
		};
		8BEA22C61F68AEA600A319EF /* Release */ = {
			isa = XCBuildConfiguration;
			baseConfigurationReference = 9F836EF1757D26CBB540398F /* Pods-AgendaTests.release.xcconfig */;
			buildSettings = {
				ALWAYS_EMBED_SWIFT_STANDARD_LIBRARIES = YES;
				BUNDLE_LOADER = "$(TEST_HOST)";
				DEVELOPMENT_TEAM = 349WFX4WJR;
				INFOPLIST_FILE = AgendaTests/Info.plist;
				LD_RUNPATH_SEARCH_PATHS = "$(inherited) @executable_path/Frameworks @loader_path/Frameworks";
				PRODUCT_BUNDLE_IDENTIFIER = com.jwitapps.AgendaTests;
				PRODUCT_NAME = "$(TARGET_NAME)";
				SWIFT_SWIFT3_OBJC_INFERENCE = On;
				SWIFT_VERSION = 4.0;
				TEST_HOST = "$(BUILT_PRODUCTS_DIR)/Agenda.app/Agenda";
			};
			name = Release;
		};
		8BEA22C81F68AEA600A319EF /* Debug */ = {
			isa = XCBuildConfiguration;
			baseConfigurationReference = 478574D2DD5C3DF071A0430C /* Pods-AgendaUITests.debug.xcconfig */;
			buildSettings = {
				ALWAYS_EMBED_SWIFT_STANDARD_LIBRARIES = YES;
				DEVELOPMENT_TEAM = 349WFX4WJR;
				INFOPLIST_FILE = AgendaUITests/Info.plist;
				LD_RUNPATH_SEARCH_PATHS = "$(inherited) @executable_path/Frameworks @loader_path/Frameworks";
				PRODUCT_BUNDLE_IDENTIFIER = com.jwitapps.AgendaUITests;
				PRODUCT_NAME = "$(TARGET_NAME)";
				SWIFT_SWIFT3_OBJC_INFERENCE = On;
				SWIFT_VERSION = 4.0;
				TEST_TARGET_NAME = Agenda;
			};
			name = Debug;
		};
		8BEA22C91F68AEA600A319EF /* Release */ = {
			isa = XCBuildConfiguration;
			baseConfigurationReference = C92C4FEC523158B13358FB04 /* Pods-AgendaUITests.release.xcconfig */;
			buildSettings = {
				ALWAYS_EMBED_SWIFT_STANDARD_LIBRARIES = YES;
				DEVELOPMENT_TEAM = 349WFX4WJR;
				INFOPLIST_FILE = AgendaUITests/Info.plist;
				LD_RUNPATH_SEARCH_PATHS = "$(inherited) @executable_path/Frameworks @loader_path/Frameworks";
				PRODUCT_BUNDLE_IDENTIFIER = com.jwitapps.AgendaUITests;
				PRODUCT_NAME = "$(TARGET_NAME)";
				SWIFT_SWIFT3_OBJC_INFERENCE = On;
				SWIFT_VERSION = 4.0;
				TEST_TARGET_NAME = Agenda;
			};
			name = Release;
		};
/* End XCBuildConfiguration section */

/* Begin XCConfigurationList section */
		8BEA22941F68AEA600A319EF /* Build configuration list for PBXProject "Agenda" */ = {
			isa = XCConfigurationList;
			buildConfigurations = (
				8BEA22BF1F68AEA600A319EF /* Debug */,
				8BEA22C01F68AEA600A319EF /* Release */,
			);
			defaultConfigurationIsVisible = 0;
			defaultConfigurationName = Release;
		};
		8BEA22C11F68AEA600A319EF /* Build configuration list for PBXNativeTarget "Agenda" */ = {
			isa = XCConfigurationList;
			buildConfigurations = (
				8BEA22C21F68AEA600A319EF /* Debug */,
				8BEA22C31F68AEA600A319EF /* Release */,
			);
			defaultConfigurationIsVisible = 0;
			defaultConfigurationName = Release;
		};
		8BEA22C41F68AEA600A319EF /* Build configuration list for PBXNativeTarget "AgendaTests" */ = {
			isa = XCConfigurationList;
			buildConfigurations = (
				8BEA22C51F68AEA600A319EF /* Debug */,
				8BEA22C61F68AEA600A319EF /* Release */,
			);
			defaultConfigurationIsVisible = 0;
			defaultConfigurationName = Release;
		};
		8BEA22C71F68AEA600A319EF /* Build configuration list for PBXNativeTarget "AgendaUITests" */ = {
			isa = XCConfigurationList;
			buildConfigurations = (
				8BEA22C81F68AEA600A319EF /* Debug */,
				8BEA22C91F68AEA600A319EF /* Release */,
			);
			defaultConfigurationIsVisible = 0;
			defaultConfigurationName = Release;
		};
/* End XCConfigurationList section */
	};
	rootObject = 8BEA22911F68AEA600A319EF /* Project object */;
}
